{
  "version": 4,
  "terraform_version": "1.3.7",
  "serial": 422,
  "lineage": "16252e29-b240-7467-5c09-d1dac1b04061",
  "outputs": {},
  "resources": [
    {
      "module": "module.compute_address",
      "mode": "managed",
      "type": "google_compute_address",
      "name": "TF_Static_External_IP",
      "provider": "provider[\"registry.terraform.io/hashicorp/google\"]",
      "instances": [
        {
          "schema_version": 0,
          "attributes": {
            "address": "34.27.161.27",
            "address_type": "EXTERNAL",
            "creation_timestamp": "2023-01-16T01:50:32.981-08:00",
            "description": "",
            "id": "projects/neural-foundry-368906/regions/us-central1/addresses/static-external-ip",
            "name": "static-external-ip",
            "network": "",
            "network_tier": "PREMIUM",
            "prefix_length": 0,
            "project": "neural-foundry-368906",
            "purpose": "",
            "region": "us-central1",
            "self_link": "https://www.googleapis.com/compute/v1/projects/neural-foundry-368906/regions/us-central1/addresses/static-external-ip",
            "subnetwork": "",
            "timeouts": null,
            "users": []
          },
          "sensitive_attributes": [],
          "private": "eyJlMmJmYjczMC1lY2FhLTExZTYtOGY4OC0zNDM2M2JjN2M0YzAiOnsiY3JlYXRlIjoxMjAwMDAwMDAwMDAwLCJkZWxldGUiOjEyMDAwMDAwMDAwMDB9fQ==",
          "dependencies": [
            "module.compute_network.google_compute_network.TF_Network",
            "module.compute_subnetwork.google_compute_subnetwork.TF_Subnet"
          ]
        }
      ]
    },
    {
      "module": "module.compute_address",
      "mode": "managed",
      "type": "google_compute_address",
      "name": "TF_Static_Intenal_IP",
      "provider": "provider[\"registry.terraform.io/hashicorp/google\"]",
      "instances": [
        {
          "schema_version": 0,
          "attributes": {
            "address": "10.0.0.2",
            "address_type": "INTERNAL",
            "creation_timestamp": "2023-01-16T01:50:32.815-08:00",
            "description": "",
            "id": "projects/neural-foundry-368906/regions/us-central1/addresses/static-internal-ip",
            "name": "static-internal-ip",
            "network": "",
            "network_tier": "PREMIUM",
            "prefix_length": 0,
            "project": "neural-foundry-368906",
            "purpose": "GCE_ENDPOINT",
            "region": "us-central1",
            "self_link": "https://www.googleapis.com/compute/v1/projects/neural-foundry-368906/regions/us-central1/addresses/static-internal-ip",
            "subnetwork": "https://www.googleapis.com/compute/v1/projects/neural-foundry-368906/regions/us-central1/subnetworks/gus-prd-subnet",
            "timeouts": null,
            "users": []
          },
          "sensitive_attributes": [],
          "private": "eyJlMmJmYjczMC1lY2FhLTExZTYtOGY4OC0zNDM2M2JjN2M0YzAiOnsiY3JlYXRlIjoxMjAwMDAwMDAwMDAwLCJkZWxldGUiOjEyMDAwMDAwMDAwMDB9fQ==",
          "dependencies": [
            "module.compute_network.google_compute_network.TF_Network",
            "module.compute_subnetwork.google_compute_subnetwork.TF_Subnet"
          ]
        }
      ]
    },
    {
      "module": "module.compute_disk",
      "mode": "managed",
      "type": "google_compute_disk",
      "name": "boot_disk",
      "provider": "provider[\"registry.terraform.io/hashicorp/google-beta\"]",
      "instances": [
        {
          "schema_version": 0,
          "attributes": {
            "creation_timestamp": "2023-01-16T05:27:56.056-08:00",
            "description": "",
            "disk_encryption_key": [],
            "id": "projects/neural-foundry-368906/zones/us-central1-c/disks/gus-prd-boot-disk",
            "image": "https://www.googleapis.com/compute/beta/projects/rhel-cloud/global/images/rhel-7-v20221206",
            "interface": null,
            "label_fingerprint": "BLXRKfB3qFU=",
            "labels": {
              "disk": "boot",
              "env": "prod",
              "prefix": "gus"
            },
            "last_attach_timestamp": "",
            "last_detach_timestamp": "",
            "multi_writer": false,
            "name": "gus-prd-boot-disk",
            "physical_block_size_bytes": 4096,
            "project": "neural-foundry-368906",
            "provisioned_iops": 0,
            "resource_policies": [
              "https://www.googleapis.com/compute/v1/projects/neural-foundry-368906/regions/us-central1/resourcePolicies/gus-prd-snapshot-schedule"
            ],
            "self_link": "https://www.googleapis.com/compute/v1/projects/neural-foundry-368906/zones/us-central1-c/disks/gus-prd-boot-disk",
            "size": 20,
            "snapshot": "",
            "source_disk": "",
            "source_disk_id": "",
            "source_image_encryption_key": [],
            "source_image_id": "1625186520986159906",
            "source_snapshot_encryption_key": [],
            "source_snapshot_id": "",
            "timeouts": null,
            "type": "pd-ssd",
            "users": [],
            "zone": "us-central1-c"
          },
          "sensitive_attributes": [],
          "private": "eyJlMmJmYjczMC1lY2FhLTExZTYtOGY4OC0zNDM2M2JjN2M0YzAiOnsiY3JlYXRlIjoxMjAwMDAwMDAwMDAwLCJkZWxldGUiOjEyMDAwMDAwMDAwMDAsInVwZGF0ZSI6MTIwMDAwMDAwMDAwMH19",
          "dependencies": [
            "module.compute_address.google_compute_address.TF_Static_External_IP",
            "module.snapshot_schedule.google_compute_resource_policy.TF_Backup_Schedule"
          ]
        }
      ]
    },
    {
      "module": "module.compute_disk",
      "mode": "managed",
      "type": "google_compute_disk",
      "name": "data_disk",
      "provider": "provider[\"registry.terraform.io/hashicorp/google-beta\"]",
      "instances": [
        {
          "schema_version": 0,
          "attributes": {
            "creation_timestamp": "2023-01-16T05:28:00.634-08:00",
            "description": "",
            "disk_encryption_key": [],
            "id": "projects/neural-foundry-368906/zones/us-central1-c/disks/gus-prd-data-disk",
            "image": "",
            "interface": null,
            "label_fingerprint": "B--r9DXlF2g=",
            "labels": {
              "disk": "data",
              "env": "prod",
              "prefix": "gus"
            },
            "last_attach_timestamp": "",
            "last_detach_timestamp": "",
            "multi_writer": false,
            "name": "gus-prd-data-disk",
            "physical_block_size_bytes": 4096,
            "project": "neural-foundry-368906",
            "provisioned_iops": 0,
            "resource_policies": [
              "https://www.googleapis.com/compute/v1/projects/neural-foundry-368906/regions/us-central1/resourcePolicies/gus-prd-snapshot-schedule"
            ],
            "self_link": "https://www.googleapis.com/compute/v1/projects/neural-foundry-368906/zones/us-central1-c/disks/gus-prd-data-disk",
            "size": 10,
            "snapshot": "",
            "source_disk": "",
            "source_disk_id": "",
            "source_image_encryption_key": [],
            "source_image_id": "",
            "source_snapshot_encryption_key": [],
            "source_snapshot_id": "",
            "timeouts": null,
            "type": "pd-ssd",
            "users": [],
            "zone": "us-central1-c"
          },
          "sensitive_attributes": [],
          "private": "eyJlMmJmYjczMC1lY2FhLTExZTYtOGY4OC0zNDM2M2JjN2M0YzAiOnsiY3JlYXRlIjoxMjAwMDAwMDAwMDAwLCJkZWxldGUiOjEyMDAwMDAwMDAwMDAsInVwZGF0ZSI6MTIwMDAwMDAwMDAwMH19",
          "dependencies": [
            "module.compute_address.google_compute_address.TF_Static_External_IP",
            "module.compute_disk.google_compute_disk.boot_disk",
            "module.snapshot_schedule.google_compute_resource_policy.TF_Backup_Schedule"
          ]
        }
      ]
    },
    {
      "module": "module.compute_firewall",
      "mode": "managed",
      "type": "google_compute_firewall",
      "name": "TF_Firewall",
      "provider": "provider[\"registry.terraform.io/hashicorp/google\"]",
      "instances": [
        {
          "index_key": "tcp",
          "schema_version": 1,
          "attributes": {
            "allow": [
              {
                "ports": [
                  "22",
                  "80",
                  "3389"
                ],
                "protocol": "tcp"
              },
              {
                "ports": [],
                "protocol": "icmp"
              }
            ],
            "creation_timestamp": "2023-01-16T01:50:31.760-08:00",
            "deny": [],
            "description": "",
            "destination_ranges": [
              "10.0.0.0/26"
            ],
            "direction": "INGRESS",
            "disabled": false,
            "enable_logging": null,
            "id": "projects/neural-foundry-368906/global/firewalls/gus-prd-firewall-rule",
            "log_config": [
              {
                "metadata": "INCLUDE_ALL_METADATA"
              }
            ],
            "name": "gus-prd-firewall-rule",
            "network": "https://www.googleapis.com/compute/v1/projects/neural-foundry-368906/global/networks/gus-prd-vpc",
            "priority": 1000,
            "project": "neural-foundry-368906",
            "self_link": "https://www.googleapis.com/compute/v1/projects/neural-foundry-368906/global/firewalls/gus-prd-firewall-rule",
            "source_ranges": [
              "0.0.0.0/0"
            ],
            "source_service_accounts": [],
            "source_tags": [],
            "target_service_accounts": [],
            "target_tags": [
              "fw-port-access"
            ],
            "timeouts": null
          },
          "sensitive_attributes": [],
          "private": "eyJlMmJmYjczMC1lY2FhLTExZTYtOGY4OC0zNDM2M2JjN2M0YzAiOnsiY3JlYXRlIjoxMjAwMDAwMDAwMDAwLCJkZWxldGUiOjEyMDAwMDAwMDAwMDAsInVwZGF0ZSI6MTIwMDAwMDAwMDAwMH0sInNjaGVtYV92ZXJzaW9uIjoiMSJ9",
          "dependencies": [
            "module.compute_network.google_compute_network.TF_Network",
            "module.compute_subnetwork.google_compute_subnetwork.TF_Subnet"
          ]
        }
      ]
    },
    {
      "module": "module.compute_network",
      "mode": "managed",
      "type": "google_compute_network",
      "name": "TF_Network",
      "provider": "provider[\"registry.terraform.io/hashicorp/google\"]",
      "instances": [
        {
          "schema_version": 0,
          "attributes": {
            "auto_create_subnetworks": false,
            "delete_default_routes_on_create": false,
            "description": "This is the custom VPC to be used for resource provisioning",
            "enable_ula_internal_ipv6": false,
            "gateway_ipv4": "",
            "id": "projects/neural-foundry-368906/global/networks/gus-prd-vpc",
            "internal_ipv6_range": "",
            "mtu": 0,
            "name": "gus-prd-vpc",
            "project": "neural-foundry-368906",
            "routing_mode": "GLOBAL",
            "self_link": "https://www.googleapis.com/compute/v1/projects/neural-foundry-368906/global/networks/gus-prd-vpc",
            "timeouts": null
          },
          "sensitive_attributes": [],
          "private": "eyJlMmJmYjczMC1lY2FhLTExZTYtOGY4OC0zNDM2M2JjN2M0YzAiOnsiY3JlYXRlIjoxMjAwMDAwMDAwMDAwLCJkZWxldGUiOjEyMDAwMDAwMDAwMDAsInVwZGF0ZSI6MTIwMDAwMDAwMDAwMH19"
        }
      ]
    },
    {
      "module": "module.compute_subnetwork",
      "mode": "managed",
      "type": "google_compute_subnetwork",
      "name": "TF_Subnet",
      "provider": "provider[\"registry.terraform.io/hashicorp/google\"]",
      "instances": [
        {
          "schema_version": 0,
          "attributes": {
            "creation_timestamp": "2023-01-16T01:50:19.882-08:00",
            "description": "This is the custom subnetwork to be used for resource provisioning",
            "external_ipv6_prefix": "",
            "fingerprint": null,
            "gateway_address": "10.0.0.1",
            "id": "projects/neural-foundry-368906/regions/us-central1/subnetworks/gus-prd-subnet",
            "ip_cidr_range": "10.0.0.0/26",
            "ipv6_access_type": "",
            "ipv6_cidr_range": "",
            "log_config": [
              {
                "aggregation_interval": "INTERVAL_1_MIN",
                "filter_expr": "true",
                "flow_sampling": 0.5,
                "metadata": "INCLUDE_ALL_METADATA",
                "metadata_fields": []
              }
            ],
            "name": "gus-prd-subnet",
            "network": "https://www.googleapis.com/compute/v1/projects/neural-foundry-368906/global/networks/gus-prd-vpc",
            "private_ip_google_access": false,
            "private_ipv6_google_access": "DISABLE_GOOGLE_ACCESS",
            "project": "neural-foundry-368906",
            "purpose": "PRIVATE",
            "region": "us-central1",
            "role": "",
            "secondary_ip_range": [],
            "self_link": "https://www.googleapis.com/compute/v1/projects/neural-foundry-368906/regions/us-central1/subnetworks/gus-prd-subnet",
            "stack_type": "IPV4_ONLY",
            "timeouts": null
          },
          "sensitive_attributes": [],
          "private": "eyJlMmJmYjczMC1lY2FhLTExZTYtOGY4OC0zNDM2M2JjN2M0YzAiOnsiY3JlYXRlIjoxMjAwMDAwMDAwMDAwLCJkZWxldGUiOjEyMDAwMDAwMDAwMDAsInVwZGF0ZSI6MTIwMDAwMDAwMDAwMH19",
          "dependencies": [
            "module.compute_network.google_compute_network.TF_Network"
          ]
        }
      ]
    },
    {
      "module": "module.filestore_instance",
      "mode": "managed",
      "type": "google_filestore_instance",
      "name": "TF_Filestore",
      "provider": "provider[\"registry.terraform.io/hashicorp/google\"]",
      "instances": [
        {
          "schema_version": 1,
          "attributes": {
            "create_time": "2023-01-16T13:28:05.138790798Z",
            "description": "Filestore Instance Provisioning.",
            "etag": "",
            "file_shares": [
              {
                "capacity_gb": 1024,
                "name": "gcp_fs_share",
                "nfs_export_options": [
                  {
                    "access_mode": "READ_WRITE",
                    "anon_gid": 0,
                    "anon_uid": 0,
                    "ip_ranges": [
                      "10.0.0.0/24"
                    ],
                    "squash_mode": "NO_ROOT_SQUASH"
                  }
                ],
                "source_backup": ""
              }
            ],
            "id": "projects/neural-foundry-368906/locations/us-central1-c/instances/gus-prd-filestore",
            "kms_key_name": "",
            "labels": {
              "env": "prod",
              "protocol": "nfs",
              "type": "filestore"
            },
            "location": "us-central1-c",
            "name": "gus-prd-filestore",
            "networks": [
              {
                "connect_mode": "DIRECT_PEERING",
                "ip_addresses": [
                  "10.82.245.242"
                ],
                "modes": [
                  "MODE_IPV4"
                ],
                "network": "gus-prd-vpc",
                "reserved_ip_range": "10.82.245.240/29"
              }
            ],
            "project": "neural-foundry-368906",
            "tier": "STANDARD",
            "timeouts": null,
            "zone": null
          },
          "sensitive_attributes": [],
          "private": "eyJlMmJmYjczMC1lY2FhLTExZTYtOGY4OC0zNDM2M2JjN2M0YzAiOnsiY3JlYXRlIjoxMjAwMDAwMDAwMDAwLCJkZWxldGUiOjEyMDAwMDAwMDAwMDAsInVwZGF0ZSI6MTIwMDAwMDAwMDAwMH0sInNjaGVtYV92ZXJzaW9uIjoiMSJ9",
          "dependencies": [
            "module.compute_address.google_compute_address.TF_Static_External_IP",
            "module.compute_disk.google_compute_disk.boot_disk",
            "module.compute_disk.google_compute_disk.data_disk",
            "module.compute_network.google_compute_network.TF_Network",
            "module.snapshot_schedule.google_compute_resource_policy.TF_Backup_Schedule"
          ]
        }
      ]
    },
    {
      "module": "module.instance_group",
      "mode": "data",
      "type": "google_service_account",
      "name": "TF_Service_Account",
      "provider": "provider[\"registry.terraform.io/hashicorp/google\"]",
      "instances": [
        {
          "schema_version": 0,
          "attributes": {
            "account_id": null,
            "display_name": null,
            "email": null,
            "id": null,
            "member": null,
            "name": null,
            "project": null,
            "unique_id": null
          },
          "sensitive_attributes": []
        }
      ]
    },
    {
      "module": "module.instance_group",
      "mode": "managed",
      "type": "google_compute_instance",
      "name": "TF_VM",
      "provider": "provider[\"registry.terraform.io/hashicorp/google\"]",
      "instances": [
        {
          "schema_version": 6,
          "attributes": {
            "advanced_machine_features": [],
            "allow_stopping_for_update": false,
            "attached_disk": [
              {
                "device_name": "persistent-disk-1",
                "disk_encryption_key_raw": "",
                "disk_encryption_key_sha256": "",
                "kms_key_self_link": "",
                "mode": "READ_WRITE",
                "source": "https://www.googleapis.com/compute/v1/projects/neural-foundry-368906/zones/us-central1-c/disks/gus-prd-data-disk"
              }
            ],
            "boot_disk": [
              {
                "auto_delete": true,
                "device_name": "persistent-disk-0",
                "disk_encryption_key_raw": "",
                "disk_encryption_key_sha256": "",
                "initialize_params": [
                  {
                    "image": "https://www.googleapis.com/compute/v1/projects/rhel-cloud/global/images/rhel-7-v20221206",
                    "labels": {
                      "disk": "boot",
                      "env": "prod",
                      "prefix": "gus"
                    },
                    "size": 20,
                    "type": "pd-ssd"
                  }
                ],
                "kms_key_self_link": "",
                "mode": "READ_WRITE",
                "source": "https://www.googleapis.com/compute/v1/projects/neural-foundry-368906/zones/us-central1-c/disks/gus-prd-boot-disk"
              }
            ],
            "can_ip_forward": false,
            "confidential_instance_config": [],
            "cpu_platform": "Intel Haswell",
            "current_status": "RUNNING",
            "deletion_protection": false,
            "description": "VM provisioning",
            "desired_status": null,
            "enable_display": false,
            "guest_accelerator": [],
            "hostname": "gus-prd.compute.engine",
            "id": "projects/neural-foundry-368906/zones/us-central1-c/instances/gus-prd-vm",
            "instance_id": "9087696162045620096",
            "label_fingerprint": "yHeZ8Uyb9T8=",
            "labels": {
              "env": "prod",
              "lin-patch": "true"
            },
            "machine_type": "n1-standard-1",
            "metadata": {
              "enable-guest-attributes": "TRUE",
              "enable-osconfig": "TRUE",
              "ssh-keys": "ayush25shukla:ssh-rsa AAAAB3NzaC1yc2EAAAADAQABAAABgQDCrfR8HklM1uLWHUOvovs2ne+HBZUdlRUbH1WIJ1hqZW2KlAOOm6ElfaN+kfqCG8ncSqhsM+2idj6pnOhxQTAvS//bcWxT/He2+hHdu5+tRQ+qqzreD9tt1vy1P2I87eNhrsIWRAByQOF53kwhb+ktCK9EbPTSBfxMjvoPsWoPNBmYn9w4FlVnjhYwAuxntfEMkvaxsndiY5YwaiVJIzBPM89xSJojSk40gkFWivU3P8L+a4QmU+RWinG9NgTk3MtFY9COEflxuhTXSEHf4jx9BZv/ZyyJi/HfGDBkAK5owngRPklY4T9ReCw7DSCzsN+KJZiaZKoxZ2Vvl7WVbjHdIVNdgjuHDSb00LSAo+9sc3p2o1BI5qO/SeakdrH+1+TgEOXo/Ie5Cbo2PuNUYLMaP2heZCc8BIcfYX++FV4mu/ROue/oFOP9jTcSfVwDqcViQLv29iaM67beWUE1IoR88zmBtS7j8mzvfrw5umew67vo6PWs6eI4pdTzXxJtkac= ayush25shukla@cs-720346524815-default\n"
            },
            "metadata_fingerprint": "NVZImyGdVGc=",
            "metadata_startup_script": "sudo yum -y install google-osconfig-agent",
            "min_cpu_platform": "",
            "name": "gus-prd-vm",
            "network_interface": [
              {
                "access_config": [
                  {
                    "nat_ip": "34.27.161.27",
                    "network_tier": "PREMIUM",
                    "public_ptr_domain_name": ""
                  }
                ],
                "alias_ip_range": [],
                "ipv6_access_config": [],
                "ipv6_access_type": "",
                "name": "nic0",
                "network": "https://www.googleapis.com/compute/v1/projects/neural-foundry-368906/global/networks/gus-prd-vpc",
                "network_ip": "10.0.0.2",
                "nic_type": "",
                "queue_count": 0,
                "stack_type": "IPV4_ONLY",
                "subnetwork": "https://www.googleapis.com/compute/v1/projects/neural-foundry-368906/regions/us-central1/subnetworks/gus-prd-subnet",
                "subnetwork_project": "neural-foundry-368906"
              }
            ],
            "project": "neural-foundry-368906",
            "reservation_affinity": [],
            "resource_policies": null,
            "scheduling": [
              {
                "automatic_restart": false,
                "instance_termination_action": "",
                "min_node_cpus": 0,
                "node_affinities": [],
                "on_host_maintenance": "MIGRATE",
                "preemptible": false,
                "provisioning_model": "STANDARD"
              }
            ],
            "scratch_disk": [],
            "self_link": "https://www.googleapis.com/compute/v1/projects/neural-foundry-368906/zones/us-central1-c/instances/gus-prd-vm",
            "service_account": [
              {
                "email": "1080203781781-compute@developer.gserviceaccount.com",
                "scopes": [
                  "https://www.googleapis.com/auth/cloud-platform"
                ]
              }
            ],
            "shielded_instance_config": [
              {
                "enable_integrity_monitoring": false,
                "enable_secure_boot": false,
                "enable_vtpm": false
              }
            ],
            "tags": [
              "fw-port-access"
            ],
            "tags_fingerprint": "KTSCBPsaRhY=",
            "timeouts": null,
            "zone": "us-central1-c"
          },
          "sensitive_attributes": [
            [
              {
                "type": "get_attr",
                "value": "metadata_startup_script"
              }
            ],
            [
              {
                "type": "get_attr",
                "value": "metadata"
              }
            ],
            [
              {
                "type": "get_attr",
                "value": "metadata"
              },
              {
                "type": "index",
                "value": {
                  "value": "enable-guest-attributes",
                  "type": "string"
                }
              }
            ],
            [
              {
                "type": "get_attr",
                "value": "metadata"
              },
              {
                "type": "index",
                "value": {
                  "value": "enable-osconfig",
                  "type": "string"
                }
              }
            ],
            [
              {
                "type": "get_attr",
                "value": "metadata"
              },
              {
                "type": "index",
                "value": {
                  "value": "ssh-keys",
                  "type": "string"
                }
              }
            ]
          ],
          "private": "eyJlMmJmYjczMC1lY2FhLTExZTYtOGY4OC0zNDM2M2JjN2M0YzAiOnsiY3JlYXRlIjoxMjAwMDAwMDAwMDAwLCJkZWxldGUiOjEyMDAwMDAwMDAwMDAsInVwZGF0ZSI6MTIwMDAwMDAwMDAwMH0sInNjaGVtYV92ZXJzaW9uIjoiNiJ9",
          "dependencies": [
            "module.compute_address.google_compute_address.TF_Static_External_IP",
            "module.compute_address.google_compute_address.TF_Static_Intenal_IP",
            "module.compute_disk.google_compute_disk.boot_disk",
            "module.compute_disk.google_compute_disk.data_disk",
            "module.compute_network.google_compute_network.TF_Network",
            "module.compute_subnetwork.google_compute_subnetwork.TF_Subnet",
            "module.filestore_instance.google_filestore_instance.TF_Filestore",
            "module.instance_group.data.google_service_account.TF_Service_Account",
            "module.snapshot_schedule.google_compute_resource_policy.TF_Backup_Schedule"
          ]
        }
      ]
    },
    {
      "module": "module.instance_group",
      "mode": "managed",
      "type": "google_compute_instance_group",
      "name": "TF_IG",
      "provider": "provider[\"registry.terraform.io/hashicorp/google\"]",
      "instances": [
        {
          "schema_version": 2,
          "attributes": {
            "description": "Instance Group containing all the VM Provisioned",
            "id": "projects/neural-foundry-368906/zones/us-central1-c/instanceGroups/gus-prd-instance-group",
            "instances": [
              "projects/neural-foundry-368906/zones/us-central1-c/instances/gus-prd-vm"
            ],
            "name": "gus-prd-instance-group",
            "named_port": [],
            "network": "https://www.googleapis.com/compute/v1/projects/neural-foundry-368906/global/networks/gus-prd-vpc",
            "project": "neural-foundry-368906",
            "self_link": "https://www.googleapis.com/compute/v1/projects/neural-foundry-368906/zones/us-central1-c/instanceGroups/gus-prd-instance-group",
            "size": 1,
            "timeouts": null,
            "zone": "us-central1-c"
          },
          "sensitive_attributes": [],
          "private": "eyJlMmJmYjczMC1lY2FhLTExZTYtOGY4OC0zNDM2M2JjN2M0YzAiOnsiY3JlYXRlIjozNjAwMDAwMDAwMDAsImRlbGV0ZSI6MzYwMDAwMDAwMDAwLCJ1cGRhdGUiOjM2MDAwMDAwMDAwMH0sInNjaGVtYV92ZXJzaW9uIjoiMiJ9",
          "dependencies": [
            "module.compute_address.google_compute_address.TF_Static_External_IP",
            "module.compute_address.google_compute_address.TF_Static_Intenal_IP",
            "module.compute_disk.google_compute_disk.boot_disk",
            "module.compute_disk.google_compute_disk.data_disk",
            "module.compute_network.google_compute_network.TF_Network",
            "module.compute_subnetwork.google_compute_subnetwork.TF_Subnet",
            "module.filestore_instance.google_filestore_instance.TF_Filestore",
            "module.instance_group.data.google_service_account.TF_Service_Account",
            "module.instance_group.google_compute_instance.TF_VM",
            "module.snapshot_schedule.google_compute_resource_policy.TF_Backup_Schedule"
          ]
        }
      ]
    },
    {
      "module": "module.os_patching",
      "mode": "managed",
      "type": "google_os_config_patch_deployment",
      "name": "TF_OS_Patch",
      "provider": "provider[\"registry.terraform.io/hashicorp/google\"]",
      "instances": [
        {
          "schema_version": 0,
          "attributes": {
            "create_time": "2023-01-16T13:30:57.020550Z",
            "description": "",
            "duration": "",
            "id": "projects/1080203781781/patchDeployments/gus-prd-os-patch",
            "instance_filter": [
              {
                "all": false,
                "group_labels": [
                  {
                    "labels": {
                      "lin-patch": "true"
                    }
                  }
                ],
                "instance_name_prefixes": null,
                "instances": null,
                "zones": null
              }
            ],
            "last_execute_time": "",
            "name": "projects/1080203781781/patchDeployments/gus-prd-os-patch",
            "one_time_schedule": [],
            "patch_config": [
              {
                "apt": [],
                "goo": [],
                "mig_instances_allowed": false,
                "post_step": [],
                "pre_step": [],
                "reboot_config": "ALWAYS",
                "windows_update": [],
                "yum": [
                  {
                    "excludes": [
                      "bash"
                    ],
                    "exclusive_packages": null,
                    "minimal": true,
                    "security": true
                  }
                ],
                "zypper": []
              }
            ],
            "patch_deployment_id": "gus-prd-os-patch",
            "project": "neural-foundry-368906",
            "recurring_schedule": [
              {
                "end_time": "",
                "last_execute_time": "",
                "monthly": [
                  {
                    "month_day": 0,
                    "week_day_of_month": [
                      {
                        "day_of_week": "FRIDAY",
                        "week_ordinal": 1
                      }
                    ]
                  }
                ],
                "next_execute_time": "2023-02-03T14:15:00Z",
                "start_time": "",
                "time_of_day": [
                  {
                    "hours": 19,
                    "minutes": 45,
                    "nanos": 0,
                    "seconds": 0
                  }
                ],
                "time_zone": [
                  {
                    "id": "Asia/Kolkata",
                    "version": ""
                  }
                ],
                "weekly": []
              }
            ],
            "rollout": [],
            "timeouts": null,
            "update_time": "2023-01-16T13:30:57.020550Z"
          },
          "sensitive_attributes": [],
          "private": "eyJlMmJmYjczMC1lY2FhLTExZTYtOGY4OC0zNDM2M2JjN2M0YzAiOnsiY3JlYXRlIjoxMjAwMDAwMDAwMDAwLCJkZWxldGUiOjEyMDAwMDAwMDAwMDB9fQ==",
          "dependencies": [
            "module.compute_address.google_compute_address.TF_Static_External_IP",
            "module.compute_address.google_compute_address.TF_Static_Intenal_IP",
            "module.compute_disk.google_compute_disk.boot_disk",
            "module.compute_disk.google_compute_disk.data_disk",
            "module.compute_network.google_compute_network.TF_Network",
            "module.compute_subnetwork.google_compute_subnetwork.TF_Subnet",
            "module.filestore_instance.google_filestore_instance.TF_Filestore",
            "module.instance_group.data.google_service_account.TF_Service_Account",
            "module.instance_group.google_compute_instance.TF_VM",
            "module.instance_group.google_compute_instance_group.TF_IG",
            "module.snapshot_schedule.google_compute_resource_policy.TF_Backup_Schedule"
          ]
        }
      ]
    },
    {
      "module": "module.snapshot_schedule",
      "mode": "managed",
      "type": "google_compute_resource_policy",
      "name": "TF_Backup_Schedule",
      "provider": "provider[\"registry.terraform.io/hashicorp/google\"]",
      "instances": [
        {
          "schema_version": 0,
          "attributes": {
            "description": "",
            "group_placement_policy": [],
            "id": "projects/neural-foundry-368906/regions/us-central1/resourcePolicies/gus-prd-snapshot-schedule",
            "instance_schedule_policy": [],
            "name": "gus-prd-snapshot-schedule",
            "project": "neural-foundry-368906",
            "region": "https://www.googleapis.com/compute/v1/projects/neural-foundry-368906/regions/us-central1",
            "self_link": "https://www.googleapis.com/compute/v1/projects/neural-foundry-368906/regions/us-central1/resourcePolicies/gus-prd-snapshot-schedule",
            "snapshot_schedule_policy": [
              {
                "retention_policy": [
                  {
                    "max_retention_days": 2,
                    "on_source_disk_delete": "KEEP_AUTO_SNAPSHOTS"
                  }
                ],
                "schedule": [
                  {
                    "daily_schedule": [],
                    "hourly_schedule": [],
                    "weekly_schedule": [
                      {
                        "day_of_weeks": [
                          {
                            "day": "FRIDAY",
                            "start_time": "15:15"
                          }
                        ]
                      }
                    ]
                  }
                ],
                "snapshot_properties": [
                  {
                    "chain_name": "",
                    "guest_flush": false,
                    "labels": {
                      "prefix": "gus"
                    },
                    "storage_locations": [
                      "us-central1"
                    ]
                  }
                ]
              }
            ],
            "timeouts": null
          },
          "sensitive_attributes": [],
          "private": "eyJlMmJmYjczMC1lY2FhLTExZTYtOGY4OC0zNDM2M2JjN2M0YzAiOnsiY3JlYXRlIjoxMjAwMDAwMDAwMDAwLCJkZWxldGUiOjEyMDAwMDAwMDAwMDB9fQ==",
          "dependencies": [
            "module.compute_address.google_compute_address.TF_Static_External_IP"
          ]
        }
      ]
    }
  ],
  "check_results": null
}
